// !$*UTF8*$!
{
	archiveVersion = 1;
	classes = {
	};
	objectVersion = 46;
	objects = {

/* Begin PBXBuildFile section */
		F117729F1D62B78300AF50E4 /* main.m in Sources */ = {isa = PBXBuildFile; fileRef = F117729E1D62B78300AF50E4 /* main.m */; };
		F11772A21D62B78300AF50E4 /* AppDelegate.m in Sources */ = {isa = PBXBuildFile; fileRef = F11772A11D62B78300AF50E4 /* AppDelegate.m */; };
		F11772A51D62B78300AF50E4 /* ViewController.m in Sources */ = {isa = PBXBuildFile; fileRef = F11772A41D62B78300AF50E4 /* ViewController.m */; };
		F11772A81D62B78300AF50E4 /* Main.storyboard in Resources */ = {isa = PBXBuildFile; fileRef = F11772A61D62B78300AF50E4 /* Main.storyboard */; };
		F11772AA1D62B78300AF50E4 /* Assets.xcassets in Resources */ = {isa = PBXBuildFile; fileRef = F11772A91D62B78300AF50E4 /* Assets.xcassets */; };
		F11772AD1D62B78300AF50E4 /* LaunchScreen.storyboard in Resources */ = {isa = PBXBuildFile; fileRef = F11772AB1D62B78300AF50E4 /* LaunchScreen.storyboard */; };
		F11772B81D62B78300AF50E4 /* ___demoTests.m in Sources */ = {isa = PBXBuildFile; fileRef = F11772B71D62B78300AF50E4 /* ___demoTests.m */; };
		F11772C31D62B78300AF50E4 /* ___demoUITests.m in Sources */ = {isa = PBXBuildFile; fileRef = F11772C21D62B78300AF50E4 /* ___demoUITests.m */; };
		F11772D71D62C3D300AF50E4 /* WordsCheckButton.m in Sources */ = {isa = PBXBuildFile; fileRef = F11772D61D62C3D300AF50E4 /* WordsCheckButton.m */; };
		F11772F31D6316D900AF50E4 /* NSString+Category.m in Sources */ = {isa = PBXBuildFile; fileRef = F11772EF1D6316D900AF50E4 /* NSString+Category.m */; };
		F11772F41D6316D900AF50E4 /* NSString+StringToWords.m in Sources */ = {isa = PBXBuildFile; fileRef = F11772F11D6316D900AF50E4 /* NSString+StringToWords.m */; };
		F160C5AB1D6405F900032428 /* CodeView.m in Sources */ = {isa = PBXBuildFile; fileRef = F160C5AA1D6405F900032428 /* CodeView.m */; };
		F160C5AE1D64326B00032428 /* WordButton.m in Sources */ = {isa = PBXBuildFile; fileRef = F160C5AD1D64326B00032428 /* WordButton.m */; };
/* End PBXBuildFile section */

/* Begin PBXContainerItemProxy section */
		F11772B41D62B78300AF50E4 /* PBXContainerItemProxy */ = {
			isa = PBXContainerItemProxy;
			containerPortal = F11772921D62B78200AF50E4 /* Project object */;
			proxyType = 1;
			remoteGlobalIDString = F11772991D62B78200AF50E4;
			remoteInfo = "题型二demo";
		};
		F11772BF1D62B78300AF50E4 /* PBXContainerItemProxy */ = {
			isa = PBXContainerItemProxy;
			containerPortal = F11772921D62B78200AF50E4 /* Project object */;
			proxyType = 1;
			remoteGlobalIDString = F11772991D62B78200AF50E4;
			remoteInfo = "题型二demo";
		};
/* End PBXContainerItemProxy section */

/* Begin PBXFileReference section */
		F117729A1D62B78200AF50E4 /* 题型二demo.app */ = {isa = PBXFileReference; explicitFileType = wrapper.application; includeInIndex = 0; path = "题型二demo.app"; sourceTree = BUILT_PRODUCTS_DIR; };
		F117729E1D62B78300AF50E4 /* main.m */ = {isa = PBXFileReference; lastKnownFileType = sourcecode.c.objc; path = main.m; sourceTree = "<group>"; };
		F11772A01D62B78300AF50E4 /* AppDelegate.h */ = {isa = PBXFileReference; lastKnownFileType = sourcecode.c.h; path = AppDelegate.h; sourceTree = "<group>"; };
		F11772A11D62B78300AF50E4 /* AppDelegate.m */ = {isa = PBXFileReference; lastKnownFileType = sourcecode.c.objc; path = AppDelegate.m; sourceTree = "<group>"; };
		F11772A31D62B78300AF50E4 /* ViewController.h */ = {isa = PBXFileReference; lastKnownFileType = sourcecode.c.h; path = ViewController.h; sourceTree = "<group>"; };
		F11772A41D62B78300AF50E4 /* ViewController.m */ = {isa = PBXFileReference; lastKnownFileType = sourcecode.c.objc; path = ViewController.m; sourceTree = "<group>"; };
		F11772A71D62B78300AF50E4 /* Base */ = {isa = PBXFileReference; lastKnownFileType = file.storyboard; name = Base; path = Base.lproj/Main.storyboard; sourceTree = "<group>"; };
		F11772A91D62B78300AF50E4 /* Assets.xcassets */ = {isa = PBXFileReference; lastKnownFileType = folder.assetcatalog; path = Assets.xcassets; sourceTree = "<group>"; };
		F11772AC1D62B78300AF50E4 /* Base */ = {isa = PBXFileReference; lastKnownFileType = file.storyboard; name = Base; path = Base.lproj/LaunchScreen.storyboard; sourceTree = "<group>"; };
		F11772AE1D62B78300AF50E4 /* Info.plist */ = {isa = PBXFileReference; lastKnownFileType = text.plist.xml; path = Info.plist; sourceTree = "<group>"; };
		F11772B31D62B78300AF50E4 /* 题型二demoTests.xctest */ = {isa = PBXFileReference; explicitFileType = wrapper.cfbundle; includeInIndex = 0; path = "题型二demoTests.xctest"; sourceTree = BUILT_PRODUCTS_DIR; };
		F11772B71D62B78300AF50E4 /* ___demoTests.m */ = {isa = PBXFileReference; lastKnownFileType = sourcecode.c.objc; path = "___demoTests.m"; sourceTree = "<group>"; };
		F11772B91D62B78300AF50E4 /* Info.plist */ = {isa = PBXFileReference; lastKnownFileType = text.plist.xml; path = Info.plist; sourceTree = "<group>"; };
		F11772BE1D62B78300AF50E4 /* 题型二demoUITests.xctest */ = {isa = PBXFileReference; explicitFileType = wrapper.cfbundle; includeInIndex = 0; path = "题型二demoUITests.xctest"; sourceTree = BUILT_PRODUCTS_DIR; };
		F11772C21D62B78300AF50E4 /* ___demoUITests.m */ = {isa = PBXFileReference; lastKnownFileType = sourcecode.c.objc; path = "___demoUITests.m"; sourceTree = "<group>"; };
		F11772C41D62B78300AF50E4 /* Info.plist */ = {isa = PBXFileReference; lastKnownFileType = text.plist.xml; path = Info.plist; sourceTree = "<group>"; };
		F11772D51D62C3D300AF50E4 /* WordsCheckButton.h */ = {isa = PBXFileReference; fileEncoding = 4; lastKnownFileType = sourcecode.c.h; path = WordsCheckButton.h; sourceTree = "<group>"; };
		F11772D61D62C3D300AF50E4 /* WordsCheckButton.m */ = {isa = PBXFileReference; fileEncoding = 4; lastKnownFileType = sourcecode.c.objc; path = WordsCheckButton.m; sourceTree = "<group>"; };
		F11772EE1D6316D900AF50E4 /* NSString+Category.h */ = {isa = PBXFileReference; fileEncoding = 4; lastKnownFileType = sourcecode.c.h; path = "NSString+Category.h"; sourceTree = "<group>"; };
		F11772EF1D6316D900AF50E4 /* NSString+Category.m */ = {isa = PBXFileReference; fileEncoding = 4; lastKnownFileType = sourcecode.c.objc; path = "NSString+Category.m"; sourceTree = "<group>"; };
		F11772F01D6316D900AF50E4 /* NSString+StringToWords.h */ = {isa = PBXFileReference; fileEncoding = 4; lastKnownFileType = sourcecode.c.h; path = "NSString+StringToWords.h"; sourceTree = "<group>"; };
		F11772F11D6316D900AF50E4 /* NSString+StringToWords.m */ = {isa = PBXFileReference; fileEncoding = 4; lastKnownFileType = sourcecode.c.objc; path = "NSString+StringToWords.m"; sourceTree = "<group>"; };
		F160C5A91D6405F900032428 /* CodeView.h */ = {isa = PBXFileReference; fileEncoding = 4; lastKnownFileType = sourcecode.c.h; path = CodeView.h; sourceTree = "<group>"; };
		F160C5AA1D6405F900032428 /* CodeView.m */ = {isa = PBXFileReference; fileEncoding = 4; lastKnownFileType = sourcecode.c.objc; path = CodeView.m; sourceTree = "<group>"; };
		F160C5AC1D64326B00032428 /* WordButton.h */ = {isa = PBXFileReference; fileEncoding = 4; lastKnownFileType = sourcecode.c.h; path = WordButton.h; sourceTree = "<group>"; };
		F160C5AD1D64326B00032428 /* WordButton.m */ = {isa = PBXFileReference; fileEncoding = 4; lastKnownFileType = sourcecode.c.objc; path = WordButton.m; sourceTree = "<group>"; };
/* End PBXFileReference section */

/* Begin PBXFrameworksBuildPhase section */
		F11772971D62B78200AF50E4 /* Frameworks */ = {
			isa = PBXFrameworksBuildPhase;
			buildActionMask = 2147483647;
			files = (
			);
			runOnlyForDeploymentPostprocessing = 0;
		};
		F11772B01D62B78300AF50E4 /* Frameworks */ = {
			isa = PBXFrameworksBuildPhase;
			buildActionMask = 2147483647;
			files = (
			);
			runOnlyForDeploymentPostprocessing = 0;
		};
		F11772BB1D62B78300AF50E4 /* Frameworks */ = {
			isa = PBXFrameworksBuildPhase;
			buildActionMask = 2147483647;
			files = (
			);
			runOnlyForDeploymentPostprocessing = 0;
		};
/* End PBXFrameworksBuildPhase section */

/* Begin PBXGroup section */
		F11772911D62B78200AF50E4 = {
			isa = PBXGroup;
			children = (
				F117729C1D62B78300AF50E4 /* 题型二demo */,
				F11772B61D62B78300AF50E4 /* 题型二demoTests */,
				F11772C11D62B78300AF50E4 /* 题型二demoUITests */,
				F117729B1D62B78200AF50E4 /* Products */,
			);
			sourceTree = "<group>";
		};
		F117729B1D62B78200AF50E4 /* Products */ = {
			isa = PBXGroup;
			children = (
				F117729A1D62B78200AF50E4 /* 题型二demo.app */,
				F11772B31D62B78300AF50E4 /* 题型二demoTests.xctest */,
				F11772BE1D62B78300AF50E4 /* 题型二demoUITests.xctest */,
			);
			name = Products;
			sourceTree = "<group>";
		};
		F117729C1D62B78300AF50E4 /* 题型二demo */ = {
			isa = PBXGroup;
			children = (
				F11772EB1D6316D900AF50E4 /* CodeView */,
				F11772A01D62B78300AF50E4 /* AppDelegate.h */,
				F11772A11D62B78300AF50E4 /* AppDelegate.m */,
				F11772A31D62B78300AF50E4 /* ViewController.h */,
				F11772A41D62B78300AF50E4 /* ViewController.m */,
				F11772A61D62B78300AF50E4 /* Main.storyboard */,
				F11772A91D62B78300AF50E4 /* Assets.xcassets */,
				F11772AB1D62B78300AF50E4 /* LaunchScreen.storyboard */,
				F11772AE1D62B78300AF50E4 /* Info.plist */,
				F117729D1D62B78300AF50E4 /* Supporting Files */,
				F11772D51D62C3D300AF50E4 /* WordsCheckButton.h */,
				F11772D61D62C3D300AF50E4 /* WordsCheckButton.m */,
				F160C5AC1D64326B00032428 /* WordButton.h */,
				F160C5AD1D64326B00032428 /* WordButton.m */,
			);
			path = "题型二demo";
			sourceTree = "<group>";
		};
		F117729D1D62B78300AF50E4 /* Supporting Files */ = {
			isa = PBXGroup;
			children = (
				F117729E1D62B78300AF50E4 /* main.m */,
			);
			name = "Supporting Files";
			sourceTree = "<group>";
		};
		F11772B61D62B78300AF50E4 /* 题型二demoTests */ = {
			isa = PBXGroup;
			children = (
				F11772B71D62B78300AF50E4 /* ___demoTests.m */,
				F11772B91D62B78300AF50E4 /* Info.plist */,
			);
			path = "题型二demoTests";
			sourceTree = "<group>";
		};
		F11772C11D62B78300AF50E4 /* 题型二demoUITests */ = {
			isa = PBXGroup;
			children = (
				F11772C21D62B78300AF50E4 /* ___demoUITests.m */,
				F11772C41D62B78300AF50E4 /* Info.plist */,
			);
			path = "题型二demoUITests";
			sourceTree = "<group>";
		};
		F11772EB1D6316D900AF50E4 /* CodeView */ = {
			isa = PBXGroup;
			children = (
				F11772EE1D6316D900AF50E4 /* NSString+Category.h */,
				F11772EF1D6316D900AF50E4 /* NSString+Category.m */,
				F11772F01D6316D900AF50E4 /* NSString+StringToWords.h */,
				F11772F11D6316D900AF50E4 /* NSString+StringToWords.m */,
				F160C5A91D6405F900032428 /* CodeView.h */,
				F160C5AA1D6405F900032428 /* CodeView.m */,
			);
			path = CodeView;
			sourceTree = "<group>";
		};
/* End PBXGroup section */

/* Begin PBXNativeTarget section */
		F11772991D62B78200AF50E4 /* 题型二demo */ = {
			isa = PBXNativeTarget;
			buildConfigurationList = F11772C71D62B78300AF50E4 /* Build configuration list for PBXNativeTarget "题型二demo" */;
			buildPhases = (
				F11772961D62B78200AF50E4 /* Sources */,
				F11772971D62B78200AF50E4 /* Frameworks */,
				F11772981D62B78200AF50E4 /* Resources */,
			);
			buildRules = (
			);
			dependencies = (
			);
			name = "题型二demo";
			productName = "题型二demo";
			productReference = F117729A1D62B78200AF50E4 /* 题型二demo.app */;
			productType = "com.apple.product-type.application";
		};
		F11772B21D62B78300AF50E4 /* 题型二demoTests */ = {
			isa = PBXNativeTarget;
			buildConfigurationList = F11772CA1D62B78300AF50E4 /* Build configuration list for PBXNativeTarget "题型二demoTests" */;
			buildPhases = (
				F11772AF1D62B78300AF50E4 /* Sources */,
				F11772B01D62B78300AF50E4 /* Frameworks */,
				F11772B11D62B78300AF50E4 /* Resources */,
			);
			buildRules = (
			);
			dependencies = (
				F11772B51D62B78300AF50E4 /* PBXTargetDependency */,
			);
			name = "题型二demoTests";
			productName = "题型二demoTests";
			productReference = F11772B31D62B78300AF50E4 /* 题型二demoTests.xctest */;
			productType = "com.apple.product-type.bundle.unit-test";
		};
		F11772BD1D62B78300AF50E4 /* 题型二demoUITests */ = {
			isa = PBXNativeTarget;
			buildConfigurationList = F11772CD1D62B78300AF50E4 /* Build configuration list for PBXNativeTarget "题型二demoUITests" */;
			buildPhases = (
				F11772BA1D62B78300AF50E4 /* Sources */,
				F11772BB1D62B78300AF50E4 /* Frameworks */,
				F11772BC1D62B78300AF50E4 /* Resources */,
			);
			buildRules = (
			);
			dependencies = (
				F11772C01D62B78300AF50E4 /* PBXTargetDependency */,
			);
			name = "题型二demoUITests";
			productName = "题型二demoUITests";
			productReference = F11772BE1D62B78300AF50E4 /* 题型二demoUITests.xctest */;
			productType = "com.apple.product-type.bundle.ui-testing";
		};
/* End PBXNativeTarget section */

/* Begin PBXProject section */
		F11772921D62B78200AF50E4 /* Project object */ = {
			isa = PBXProject;
			attributes = {
				LastUpgradeCheck = 0730;
				ORGANIZATIONNAME = "裴新华";
				TargetAttributes = {
					F11772991D62B78200AF50E4 = {
						CreatedOnToolsVersion = 7.3.1;
						DevelopmentTeam = 7PMZEC39K6;
					};
					F11772B21D62B78300AF50E4 = {
						CreatedOnToolsVersion = 7.3.1;
						TestTargetID = F11772991D62B78200AF50E4;
					};
					F11772BD1D62B78300AF50E4 = {
						CreatedOnToolsVersion = 7.3.1;
						TestTargetID = F11772991D62B78200AF50E4;
					};
				};
			};
			buildConfigurationList = F11772951D62B78200AF50E4 /* Build configuration list for PBXProject "题型二demo" */;
			compatibilityVersion = "Xcode 3.2";
			developmentRegion = English;
			hasScannedForEncodings = 0;
			knownRegions = (
				en,
				Base,
			);
			mainGroup = F11772911D62B78200AF50E4;
			productRefGroup = F117729B1D62B78200AF50E4 /* Products */;
			projectDirPath = "";
			projectRoot = "";
			targets = (
				F11772991D62B78200AF50E4 /* 题型二demo */,
				F11772B21D62B78300AF50E4 /* 题型二demoTests */,
				F11772BD1D62B78300AF50E4 /* 题型二demoUITests */,
			);
		};
/* End PBXProject section */

/* Begin PBXResourcesBuildPhase section */
		F11772981D62B78200AF50E4 /* Resources */ = {
			isa = PBXResourcesBuildPhase;
			buildActionMask = 2147483647;
			files = (
				F11772AD1D62B78300AF50E4 /* LaunchScreen.storyboard in Resources */,
				F11772AA1D62B78300AF50E4 /* Assets.xcassets in Resources */,
				F11772A81D62B78300AF50E4 /* Main.storyboard in Resources */,
			);
			runOnlyForDeploymentPostprocessing = 0;
		};
		F11772B11D62B78300AF50E4 /* Resources */ = {
			isa = PBXResourcesBuildPhase;
			buildActionMask = 2147483647;
			files = (
			);
			runOnlyForDeploymentPostprocessing = 0;
		};
		F11772BC1D62B78300AF50E4 /* Resources */ = {
			isa = PBXResourcesBuildPhase;
			buildActionMask = 2147483647;
			files = (
			);
			runOnlyForDeploymentPostprocessing = 0;
		};
/* End PBXResourcesBuildPhase section */

/* Begin PBXSourcesBuildPhase section */
		F11772961D62B78200AF50E4 /* Sources */ = {
			isa = PBXSourcesBuildPhase;
			buildActionMask = 2147483647;
			files = (
				F11772A51D62B78300AF50E4 /* ViewController.m in Sources */,
				F11772F31D6316D900AF50E4 /* NSString+Category.m in Sources */,
				F160C5AB1D6405F900032428 /* CodeView.m in Sources */,
				F11772A21D62B78300AF50E4 /* AppDelegate.m in Sources */,
				F11772D71D62C3D300AF50E4 /* WordsCheckButton.m in Sources */,
				F117729F1D62B78300AF50E4 /* main.m in Sources */,
				F11772F41D6316D900AF50E4 /* NSString+StringToWords.m in Sources */,
				F160C5AE1D64326B00032428 /* WordButton.m in Sources */,
			);
			runOnlyForDeploymentPostprocessing = 0;
		};
		F11772AF1D62B78300AF50E4 /* Sources */ = {
			isa = PBXSourcesBuildPhase;
			buildActionMask = 2147483647;
			files = (
				F11772B81D62B78300AF50E4 /* ___demoTests.m in Sources */,
			);
			runOnlyForDeploymentPostprocessing = 0;
		};
		F11772BA1D62B78300AF50E4 /* Sources */ = {
			isa = PBXSourcesBuildPhase;
			buildActionMask = 2147483647;
			files = (
				F11772C31D62B78300AF50E4 /* ___demoUITests.m in Sources */,
			);
			runOnlyForDeploymentPostprocessing = 0;
		};
/* End PBXSourcesBuildPhase section */

/* Begin PBXTargetDependency section */
		F11772B51D62B78300AF50E4 /* PBXTargetDependency */ = {
			isa = PBXTargetDependency;
			target = F11772991D62B78200AF50E4 /* 题型二demo */;
			targetProxy = F11772B41D62B78300AF50E4 /* PBXContainerItemProxy */;
		};
		F11772C01D62B78300AF50E4 /* PBXTargetDependency */ = {
			isa = PBXTargetDependency;
			target = F11772991D62B78200AF50E4 /* 题型二demo */;
			targetProxy = F11772BF1D62B78300AF50E4 /* PBXContainerItemProxy */;
		};
/* End PBXTargetDependency section */

/* Begin PBXVariantGroup section */
		F11772A61D62B78300AF50E4 /* Main.storyboard */ = {
			isa = PBXVariantGroup;
			children = (
				F11772A71D62B78300AF50E4 /* Base */,
			);
			name = Main.storyboard;
			sourceTree = "<group>";
		};
		F11772AB1D62B78300AF50E4 /* LaunchScreen.storyboard */ = {
			isa = PBXVariantGroup;
			children = (
				F11772AC1D62B78300AF50E4 /* Base */,
			);
			name = LaunchScreen.storyboard;
			sourceTree = "<group>";
		};
/* End PBXVariantGroup section */

/* Begin XCBuildConfiguration section */
		F11772C51D62B78300AF50E4 /* Debug */ = {
			isa = XCBuildConfiguration;
			buildSettings = {
				ALWAYS_SEARCH_USER_PATHS = NO;
				CLANG_ANALYZER_NONNULL = YES;
				CLANG_CXX_LANGUAGE_STANDARD = "gnu++0x";
				CLANG_CXX_LIBRARY = "libc++";
				CLANG_ENABLE_MODULES = YES;
				CLANG_ENABLE_OBJC_ARC = YES;
				CLANG_WARN_BOOL_CONVERSION = YES;
				CLANG_WARN_CONSTANT_CONVERSION = YES;
				CLANG_WARN_DIRECT_OBJC_ISA_USAGE = YES_ERROR;
				CLANG_WARN_EMPTY_BODY = YES;
				CLANG_WARN_ENUM_CONVERSION = YES;
				CLANG_WARN_INT_CONVERSION = YES;
				CLANG_WARN_OBJC_ROOT_CLASS = YES_ERROR;
				CLANG_WARN_UNREACHABLE_CODE = YES;
				CLANG_WARN__DUPLICATE_METHOD_MATCH = YES;
				"CODE_SIGN_IDENTITY[sdk=iphoneos*]" = "iPhone Developer";
				COPY_PHASE_STRIP = NO;
				DEBUG_INFORMATION_FORMAT = dwarf;
				ENABLE_STRICT_OBJC_MSGSEND = YES;
				ENABLE_TESTABILITY = YES;
				GCC_C_LANGUAGE_STANDARD = gnu99;
				GCC_DYNAMIC_NO_PIC = NO;
				GCC_NO_COMMON_BLOCKS = YES;
				GCC_OPTIMIZATION_LEVEL = 0;
				GCC_PREPROCESSOR_DEFINITIONS = (
					"DEBUG=1",
					"$(inherited)",
				);
				GCC_WARN_64_TO_32_BIT_CONVERSION = YES;
				GCC_WARN_ABOUT_RETURN_TYPE = YES_ERROR;
				GCC_WARN_UNDECLARED_SELECTOR = YES;
				GCC_WARN_UNINITIALIZED_AUTOS = YES_AGGRESSIVE;
				GCC_WARN_UNUSED_FUNCTION = YES;
				GCC_WARN_UNUSED_VARIABLE = YES;
				IPHONEOS_DEPLOYMENT_TARGET = 9.3;
				MTL_ENABLE_DEBUG_INFO = YES;
				ONLY_ACTIVE_ARCH = YES;
				SDKROOT = iphoneos;
				TARGETED_DEVICE_FAMILY = "1,2";
			};
			name = Debug;
		};
		F11772C61D62B78300AF50E4 /* Release */ = {
			isa = XCBuildConfiguration;
			buildSettings = {
				ALWAYS_SEARCH_USER_PATHS = NO;
				CLANG_ANALYZER_NONNULL = YES;
				CLANG_CXX_LANGUAGE_STANDARD = "gnu++0x";
				CLANG_CXX_LIBRARY = "libc++";
				CLANG_ENABLE_MODULES = YES;
				CLANG_ENABLE_OBJC_ARC = YES;
				CLANG_WARN_BOOL_CONVERSION = YES;
				CLANG_WARN_CONSTANT_CONVERSION = YES;
				CLANG_WARN_DIRECT_OBJC_ISA_USAGE = YES_ERROR;
				CLANG_WARN_EMPTY_BODY = YES;
				CLANG_WARN_ENUM_CONVERSION = YES;
				CLANG_WARN_INT_CONVERSION = YES;
				CLANG_WARN_OBJC_ROOT_CLASS = YES_ERROR;
				CLANG_WARN_UNREACHABLE_CODE = YES;
				CLANG_WARN__DUPLICATE_METHOD_MATCH = YES;
				"CODE_SIGN_IDENTITY[sdk=iphoneos*]" = "iPhone Developer";
				COPY_PHASE_STRIP = NO;
				DEBUG_INFORMATION_FORMAT = "dwarf-with-dsym";
				ENABLE_NS_ASSERTIONS = NO;
				ENABLE_STRICT_OBJC_MSGSEND = YES;
				GCC_C_LANGUAGE_STANDARD = gnu99;
				GCC_NO_COMMON_BLOCKS = YES;
				GCC_WARN_64_TO_32_BIT_CONVERSION = YES;
				GCC_WARN_ABOUT_RETURN_TYPE = YES_ERROR;
				GCC_WARN_UNDECLARED_SELECTOR = YES;
				GCC_WARN_UNINITIALIZED_AUTOS = YES_AGGRESSIVE;
				GCC_WARN_UNUSED_FUNCTION = YES;
				GCC_WARN_UNUSED_VARIABLE = YES;
				IPHONEOS_DEPLOYMENT_TARGET = 9.3;
				MTL_ENABLE_DEBUG_INFO = NO;
				SDKROOT = iphoneos;
				TARGETED_DEVICE_FAMILY = "1,2";
				VALIDATE_PRODUCT = YES;
			};
			name = Release;
		};
		F11772C81D62B78300AF50E4 /* Debug */ = {
			isa = XCBuildConfiguration;
			buildSettings = {
				ASSETCATALOG_COMPILER_APPICON_NAME = AppIcon;
				CLANG_ENABLE_OBJC_WEAK = YES;
				CODE_SIGN_IDENTITY = "iPhone Developer";
				INFOPLIST_FILE = "题型二demo/Info.plist";
				LD_RUNPATH_SEARCH_PATHS = "$(inherited) @executable_path/Frameworks";
				PRODUCT_BUNDLE_IDENTIFIER = cn.yunzhisheng.UStudy;
				PRODUCT_NAME = "$(TARGET_NAME)";
				PROVISIONING_PROFILE = "e6be1510-773f-4b4a-a728-2c2ce211b911";
			};
			name = Debug;
		};
		F11772C91D62B78300AF50E4 /* Release */ = {
			isa = XCBuildConfiguration;
			buildSettings = {
				ASSETCATALOG_COMPILER_APPICON_NAME = AppIcon;
				CLANG_ENABLE_OBJC_WEAK = YES;
				CODE_SIGN_IDENTITY = "iPhone Developer";
				INFOPLIST_FILE = "题型二demo/Info.plist";
				LD_RUNPATH_SEARCH_PATHS = "$(inherited) @executable_path/Frameworks";
				PRODUCT_BUNDLE_IDENTIFIER = cn.yunzhisheng.UStudy;
				PRODUCT_NAME = "$(TARGET_NAME)";
				PROVISIONING_PROFILE = "e6be1510-773f-4b4a-a728-2c2ce211b911";
			};
			name = Release;
		};
		F11772CB1D62B78300AF50E4 /* Debug */ = {
			isa = XCBuildConfiguration;
			buildSettings = {
				BUNDLE_LOADER = "$(TEST_HOST)";
				INFOPLIST_FILE = "题型二demoTests/Info.plist";
				LD_RUNPATH_SEARCH_PATHS = "$(inherited) @executable_path/Frameworks @loader_path/Frameworks";
				PRODUCT_BUNDLE_IDENTIFIER = "com.yunzhisheng.---demoTests";
				PRODUCT_NAME = "$(TARGET_NAME)";
				TEST_HOST = "$(BUILT_PRODUCTS_DIR)/题型二demo.app/题型二demo";
			};
			name = Debug;
		};
		F11772CC1D62B78300AF50E4 /* Release */ = {
			isa = XCBuildConfiguration;
			buildSettings = {
				BUNDLE_LOADER = "$(TEST_HOST)";
				INFOPLIST_FILE = "题型二demoTests/Info.plist";
				LD_RUNPATH_SEARCH_PATHS = "$(inherited) @executable_path/Frameworks @loader_path/Frameworks";
				PRODUCT_BUNDLE_IDENTIFIER = "com.yunzhisheng.---demoTests";
				PRODUCT_NAME = "$(TARGET_NAME)";
				TEST_HOST = "$(BUILT_PRODUCTS_DIR)/题型二demo.app/题型二demo";
			};
			name = Release;
		};
		F11772CE1D62B78300AF50E4 /* Debug */ = {
			isa = XCBuildConfiguration;
			buildSettings = {
				INFOPLIST_FILE = "题型二demoUITests/Info.plist";
				LD_RUNPATH_SEARCH_PATHS = "$(inherited) @executable_path/Frameworks @loader_path/Frameworks";
				PRODUCT_BUNDLE_IDENTIFIER = "com.yunzhisheng.---demoUITests";
				PRODUCT_NAME = "$(TARGET_NAME)";
				TEST_TARGET_NAME = "题型二demo";
			};
			name = Debug;
		};
		F11772CF1D62B78300AF50E4 /* Release */ = {
			isa = XCBuildConfiguration;
			buildSettings = {
				INFOPLIST_FILE = "题型二demoUITests/Info.plist";
				LD_RUNPATH_SEARCH_PATHS = "$(inherited) @executable_path/Frameworks @loader_path/Frameworks";
				PRODUCT_BUNDLE_IDENTIFIER = "com.yunzhisheng.---demoUITests";
				PRODUCT_NAME = "$(TARGET_NAME)";
				TEST_TARGET_NAME = "题型二demo";
			};
			name = Release;
		};
/* End XCBuildConfiguration section */

/* Begin XCConfigurationList section */
		F11772951D62B78200AF50E4 /* Build configuration list for PBXProject "题型二demo" */ = {
			isa = XCConfigurationList;
			buildConfigurations = (
				F11772C51D62B78300AF50E4 /* Debug */,
				F11772C61D62B78300AF50E4 /* Release */,
			);
			defaultConfigurationIsVisible = 0;
			defaultConfigurationName = Release;
		};
		F11772C71D62B78300AF50E4 /* Build configuration list for PBXNativeTarget "题型二demo" */ = {
			isa = XCConfigurationList;
			buildConfigurations = (
				F11772C81D62B78300AF50E4 /* Debug */,
				F11772C91D62B78300AF50E4 /* Release */,
			);
			defaultConfigurationIsVisible = 0;
			defaultConfigurationName = Release;
		};
		F11772CA1D62B78300AF50E4 /* Build configuration list for PBXNativeTarget "题型二demoTests" */ = {
			isa = XCConfigurationList;
			buildConfigurations = (
				F11772CB1D62B78300AF50E4 /* Debug */,
				F11772CC1D62B78300AF50E4 /* Release */,
			);
			defaultConfigurationIsVisible = 0;
			defaultConfigurationName = Release;
		};
		F11772CD1D62B78300AF50E4 /* Build configuration list for PBXNativeTarget "题型二demoUITests" */ = {
			isa = XCConfigurationList;
			buildConfigurations = (
				F11772CE1D62B78300AF50E4 /* Debug */,
				F11772CF1D62B78300AF50E4 /* Release */,
			);
			defaultConfigurationIsVisible = 0;
			defaultConfigurationName = Release;
		};
/* End XCConfigurationList section */
	};
	rootObject = F11772921D62B78200AF50E4 /* Project object */;
}
