// !$*UTF8*$!
{
	archiveVersion = 1;
	classes = {
	};
	objectVersion = 46;
	objects = {

/* Begin PBXBuildFile section */
		F1C669FE1D66E2D9000FB522 /* AppDelegate.m in Sources */ = {isa = PBXBuildFile; fileRef = F1C669F41D66E2D9000FB522 /* AppDelegate.m */; };
		F1C669FF1D66E2D9000FB522 /* CodeView.m in Sources */ = {isa = PBXBuildFile; fileRef = F1C669F71D66E2D9000FB522 /* CodeView.m */; };
		F1C66A001D66E2D9000FB522 /* NSString+Category.m in Sources */ = {isa = PBXBuildFile; fileRef = F1C669F91D66E2D9000FB522 /* NSString+Category.m */; };
		F1C66A011D66E2D9000FB522 /* NSString+StringToWords.m in Sources */ = {isa = PBXBuildFile; fileRef = F1C669FB1D66E2D9000FB522 /* NSString+StringToWords.m */; };
		F1C66A021D66E2D9000FB522 /* ViewController.m in Sources */ = {isa = PBXBuildFile; fileRef = F1C669FD1D66E2D9000FB522 /* ViewController.m */; };
		F1C66A051D66E2E0000FB522 /* Main.storyboard in Resources */ = {isa = PBXBuildFile; fileRef = F1C66A031D66E2E0000FB522 /* Main.storyboard */; };
		F1C66A0A1D66E2F2000FB522 /* WordButton.m in Sources */ = {isa = PBXBuildFile; fileRef = F1C66A071D66E2F2000FB522 /* WordButton.m */; };
		F1C66A0B1D66E2F2000FB522 /* WordsCheckButton.m in Sources */ = {isa = PBXBuildFile; fileRef = F1C66A091D66E2F2000FB522 /* WordsCheckButton.m */; };
		F1CAAA0B1D66E1F700FCC346 /* main.m in Sources */ = {isa = PBXBuildFile; fileRef = F1CAAA0A1D66E1F700FCC346 /* main.m */; };
		F1CAAA161D66E1F700FCC346 /* Assets.xcassets in Resources */ = {isa = PBXBuildFile; fileRef = F1CAAA151D66E1F700FCC346 /* Assets.xcassets */; };
		F1CAAA191D66E1F700FCC346 /* LaunchScreen.storyboard in Resources */ = {isa = PBXBuildFile; fileRef = F1CAAA171D66E1F700FCC346 /* LaunchScreen.storyboard */; };
		F1CAAA241D66E1F700FCC346 /* ChooseWordViewTests.m in Sources */ = {isa = PBXBuildFile; fileRef = F1CAAA231D66E1F700FCC346 /* ChooseWordViewTests.m */; };
		F1CAAA2F1D66E1F700FCC346 /* ChooseWordViewUITests.m in Sources */ = {isa = PBXBuildFile; fileRef = F1CAAA2E1D66E1F700FCC346 /* ChooseWordViewUITests.m */; };
/* End PBXBuildFile section */

/* Begin PBXContainerItemProxy section */
		F1CAAA201D66E1F700FCC346 /* PBXContainerItemProxy */ = {
			isa = PBXContainerItemProxy;
			containerPortal = F1CAA9FE1D66E1F700FCC346 /* Project object */;
			proxyType = 1;
			remoteGlobalIDString = F1CAAA051D66E1F700FCC346;
			remoteInfo = ChooseWordView;
		};
		F1CAAA2B1D66E1F700FCC346 /* PBXContainerItemProxy */ = {
			isa = PBXContainerItemProxy;
			containerPortal = F1CAA9FE1D66E1F700FCC346 /* Project object */;
			proxyType = 1;
			remoteGlobalIDString = F1CAAA051D66E1F700FCC346;
			remoteInfo = ChooseWordView;
		};
/* End PBXContainerItemProxy section */

/* Begin PBXFileReference section */
		F1C669F31D66E2D9000FB522 /* AppDelegate.h */ = {isa = PBXFileReference; fileEncoding = 4; lastKnownFileType = sourcecode.c.h; path = AppDelegate.h; sourceTree = "<group>"; };
		F1C669F41D66E2D9000FB522 /* AppDelegate.m */ = {isa = PBXFileReference; fileEncoding = 4; lastKnownFileType = sourcecode.c.objc; path = AppDelegate.m; sourceTree = "<group>"; };
		F1C669F61D66E2D9000FB522 /* CodeView.h */ = {isa = PBXFileReference; fileEncoding = 4; lastKnownFileType = sourcecode.c.h; path = CodeView.h; sourceTree = "<group>"; };
		F1C669F71D66E2D9000FB522 /* CodeView.m */ = {isa = PBXFileReference; fileEncoding = 4; lastKnownFileType = sourcecode.c.objc; path = CodeView.m; sourceTree = "<group>"; };
		F1C669F81D66E2D9000FB522 /* NSString+Category.h */ = {isa = PBXFileReference; fileEncoding = 4; lastKnownFileType = sourcecode.c.h; path = "NSString+Category.h"; sourceTree = "<group>"; };
		F1C669F91D66E2D9000FB522 /* NSString+Category.m */ = {isa = PBXFileReference; fileEncoding = 4; lastKnownFileType = sourcecode.c.objc; path = "NSString+Category.m"; sourceTree = "<group>"; };
		F1C669FA1D66E2D9000FB522 /* NSString+StringToWords.h */ = {isa = PBXFileReference; fileEncoding = 4; lastKnownFileType = sourcecode.c.h; path = "NSString+StringToWords.h"; sourceTree = "<group>"; };
		F1C669FB1D66E2D9000FB522 /* NSString+StringToWords.m */ = {isa = PBXFileReference; fileEncoding = 4; lastKnownFileType = sourcecode.c.objc; path = "NSString+StringToWords.m"; sourceTree = "<group>"; };
		F1C669FC1D66E2D9000FB522 /* ViewController.h */ = {isa = PBXFileReference; fileEncoding = 4; lastKnownFileType = sourcecode.c.h; path = ViewController.h; sourceTree = "<group>"; };
		F1C669FD1D66E2D9000FB522 /* ViewController.m */ = {isa = PBXFileReference; fileEncoding = 4; lastKnownFileType = sourcecode.c.objc; path = ViewController.m; sourceTree = "<group>"; };
		F1C66A041D66E2E0000FB522 /* Base */ = {isa = PBXFileReference; lastKnownFileType = file.storyboard; name = Base; path = Base.lproj/Main.storyboard; sourceTree = "<group>"; };
		F1C66A061D66E2F2000FB522 /* WordButton.h */ = {isa = PBXFileReference; fileEncoding = 4; lastKnownFileType = sourcecode.c.h; path = WordButton.h; sourceTree = "<group>"; };
		F1C66A071D66E2F2000FB522 /* WordButton.m */ = {isa = PBXFileReference; fileEncoding = 4; lastKnownFileType = sourcecode.c.objc; path = WordButton.m; sourceTree = "<group>"; };
		F1C66A081D66E2F2000FB522 /* WordsCheckButton.h */ = {isa = PBXFileReference; fileEncoding = 4; lastKnownFileType = sourcecode.c.h; path = WordsCheckButton.h; sourceTree = "<group>"; };
		F1C66A091D66E2F2000FB522 /* WordsCheckButton.m */ = {isa = PBXFileReference; fileEncoding = 4; lastKnownFileType = sourcecode.c.objc; path = WordsCheckButton.m; sourceTree = "<group>"; };
		F1C66A0C1D66E30B000FB522 /* PrefixHeader.pch */ = {isa = PBXFileReference; fileEncoding = 4; lastKnownFileType = sourcecode.c.h; path = PrefixHeader.pch; sourceTree = "<group>"; };
		F1CAAA061D66E1F700FCC346 /* ChooseWordView.app */ = {isa = PBXFileReference; explicitFileType = wrapper.application; includeInIndex = 0; path = ChooseWordView.app; sourceTree = BUILT_PRODUCTS_DIR; };
		F1CAAA0A1D66E1F700FCC346 /* main.m */ = {isa = PBXFileReference; lastKnownFileType = sourcecode.c.objc; path = main.m; sourceTree = "<group>"; };
		F1CAAA151D66E1F700FCC346 /* Assets.xcassets */ = {isa = PBXFileReference; lastKnownFileType = folder.assetcatalog; path = Assets.xcassets; sourceTree = "<group>"; };
		F1CAAA181D66E1F700FCC346 /* Base */ = {isa = PBXFileReference; lastKnownFileType = file.storyboard; name = Base; path = Base.lproj/LaunchScreen.storyboard; sourceTree = "<group>"; };
		F1CAAA1A1D66E1F700FCC346 /* Info.plist */ = {isa = PBXFileReference; lastKnownFileType = text.plist.xml; path = Info.plist; sourceTree = "<group>"; };
		F1CAAA1F1D66E1F700FCC346 /* ChooseWordViewTests.xctest */ = {isa = PBXFileReference; explicitFileType = wrapper.cfbundle; includeInIndex = 0; path = ChooseWordViewTests.xctest; sourceTree = BUILT_PRODUCTS_DIR; };
		F1CAAA231D66E1F700FCC346 /* ChooseWordViewTests.m */ = {isa = PBXFileReference; lastKnownFileType = sourcecode.c.objc; path = ChooseWordViewTests.m; sourceTree = "<group>"; };
		F1CAAA251D66E1F700FCC346 /* Info.plist */ = {isa = PBXFileReference; lastKnownFileType = text.plist.xml; path = Info.plist; sourceTree = "<group>"; };
		F1CAAA2A1D66E1F700FCC346 /* ChooseWordViewUITests.xctest */ = {isa = PBXFileReference; explicitFileType = wrapper.cfbundle; includeInIndex = 0; path = ChooseWordViewUITests.xctest; sourceTree = BUILT_PRODUCTS_DIR; };
		F1CAAA2E1D66E1F700FCC346 /* ChooseWordViewUITests.m */ = {isa = PBXFileReference; lastKnownFileType = sourcecode.c.objc; path = ChooseWordViewUITests.m; sourceTree = "<group>"; };
		F1CAAA301D66E1F700FCC346 /* Info.plist */ = {isa = PBXFileReference; lastKnownFileType = text.plist.xml; path = Info.plist; sourceTree = "<group>"; };
/* End PBXFileReference section */

/* Begin PBXFrameworksBuildPhase section */
		F1CAAA031D66E1F700FCC346 /* Frameworks */ = {
			isa = PBXFrameworksBuildPhase;
			buildActionMask = 2147483647;
			files = (
			);
			runOnlyForDeploymentPostprocessing = 0;
		};
		F1CAAA1C1D66E1F700FCC346 /* Frameworks */ = {
			isa = PBXFrameworksBuildPhase;
			buildActionMask = 2147483647;
			files = (
			);
			runOnlyForDeploymentPostprocessing = 0;
		};
		F1CAAA271D66E1F700FCC346 /* Frameworks */ = {
			isa = PBXFrameworksBuildPhase;
			buildActionMask = 2147483647;
			files = (
			);
			runOnlyForDeploymentPostprocessing = 0;
		};
/* End PBXFrameworksBuildPhase section */

/* Begin PBXGroup section */
		F1C669F51D66E2D9000FB522 /* CodeView */ = {
			isa = PBXGroup;
			children = (
				F1C669F61D66E2D9000FB522 /* CodeView.h */,
				F1C669F71D66E2D9000FB522 /* CodeView.m */,
				F1C669F81D66E2D9000FB522 /* NSString+Category.h */,
				F1C669F91D66E2D9000FB522 /* NSString+Category.m */,
				F1C669FA1D66E2D9000FB522 /* NSString+StringToWords.h */,
				F1C669FB1D66E2D9000FB522 /* NSString+StringToWords.m */,
			);
			path = CodeView;
			sourceTree = "<group>";
		};
		F1CAA9FD1D66E1F700FCC346 = {
			isa = PBXGroup;
			children = (
				F1C66A0C1D66E30B000FB522 /* PrefixHeader.pch */,
				F1CAAA081D66E1F700FCC346 /* ChooseWordView */,
				F1CAAA221D66E1F700FCC346 /* ChooseWordViewTests */,
				F1CAAA2D1D66E1F700FCC346 /* ChooseWordViewUITests */,
				F1CAAA071D66E1F700FCC346 /* Products */,
			);
			sourceTree = "<group>";
		};
		F1CAAA071D66E1F700FCC346 /* Products */ = {
			isa = PBXGroup;
			children = (
				F1CAAA061D66E1F700FCC346 /* ChooseWordView.app */,
				F1CAAA1F1D66E1F700FCC346 /* ChooseWordViewTests.xctest */,
				F1CAAA2A1D66E1F700FCC346 /* ChooseWordViewUITests.xctest */,
			);
			name = Products;
			sourceTree = "<group>";
		};
		F1CAAA081D66E1F700FCC346 /* ChooseWordView */ = {
			isa = PBXGroup;
			children = (
				F1C66A061D66E2F2000FB522 /* WordButton.h */,
				F1C66A071D66E2F2000FB522 /* WordButton.m */,
				F1C66A081D66E2F2000FB522 /* WordsCheckButton.h */,
				F1C66A091D66E2F2000FB522 /* WordsCheckButton.m */,
				F1C66A031D66E2E0000FB522 /* Main.storyboard */,
				F1C669F31D66E2D9000FB522 /* AppDelegate.h */,
				F1C669F41D66E2D9000FB522 /* AppDelegate.m */,
				F1C669F51D66E2D9000FB522 /* CodeView */,
				F1C669FC1D66E2D9000FB522 /* ViewController.h */,
				F1C669FD1D66E2D9000FB522 /* ViewController.m */,
				F1CAAA151D66E1F700FCC346 /* Assets.xcassets */,
				F1CAAA171D66E1F700FCC346 /* LaunchScreen.storyboard */,
				F1CAAA1A1D66E1F700FCC346 /* Info.plist */,
				F1CAAA091D66E1F700FCC346 /* Supporting Files */,
			);
			path = ChooseWordView;
			sourceTree = "<group>";
		};
		F1CAAA091D66E1F700FCC346 /* Supporting Files */ = {
			isa = PBXGroup;
			children = (
				F1CAAA0A1D66E1F700FCC346 /* main.m */,
			);
			name = "Supporting Files";
			sourceTree = "<group>";
		};
		F1CAAA221D66E1F700FCC346 /* ChooseWordViewTests */ = {
			isa = PBXGroup;
			children = (
				F1CAAA231D66E1F700FCC346 /* ChooseWordViewTests.m */,
				F1CAAA251D66E1F700FCC346 /* Info.plist */,
			);
			path = ChooseWordViewTests;
			sourceTree = "<group>";
		};
		F1CAAA2D1D66E1F700FCC346 /* ChooseWordViewUITests */ = {
			isa = PBXGroup;
			children = (
				F1CAAA2E1D66E1F700FCC346 /* ChooseWordViewUITests.m */,
				F1CAAA301D66E1F700FCC346 /* Info.plist */,
			);
			path = ChooseWordViewUITests;
			sourceTree = "<group>";
		};
/* End PBXGroup section */

/* Begin PBXNativeTarget section */
		F1CAAA051D66E1F700FCC346 /* ChooseWordView */ = {
			isa = PBXNativeTarget;
			buildConfigurationList = F1CAAA331D66E1F700FCC346 /* Build configuration list for PBXNativeTarget "ChooseWordView" */;
			buildPhases = (
				F1CAAA021D66E1F700FCC346 /* Sources */,
				F1CAAA031D66E1F700FCC346 /* Frameworks */,
				F1CAAA041D66E1F700FCC346 /* Resources */,
			);
			buildRules = (
			);
			dependencies = (
			);
			name = ChooseWordView;
			productName = ChooseWordView;
			productReference = F1CAAA061D66E1F700FCC346 /* ChooseWordView.app */;
			productType = "com.apple.product-type.application";
		};
		F1CAAA1E1D66E1F700FCC346 /* ChooseWordViewTests */ = {
			isa = PBXNativeTarget;
			buildConfigurationList = F1CAAA361D66E1F700FCC346 /* Build configuration list for PBXNativeTarget "ChooseWordViewTests" */;
			buildPhases = (
				F1CAAA1B1D66E1F700FCC346 /* Sources */,
				F1CAAA1C1D66E1F700FCC346 /* Frameworks */,
				F1CAAA1D1D66E1F700FCC346 /* Resources */,
			);
			buildRules = (
			);
			dependencies = (
				F1CAAA211D66E1F700FCC346 /* PBXTargetDependency */,
			);
			name = ChooseWordViewTests;
			productName = ChooseWordViewTests;
			productReference = F1CAAA1F1D66E1F700FCC346 /* ChooseWordViewTests.xctest */;
			productType = "com.apple.product-type.bundle.unit-test";
		};
		F1CAAA291D66E1F700FCC346 /* ChooseWordViewUITests */ = {
			isa = PBXNativeTarget;
			buildConfigurationList = F1CAAA391D66E1F700FCC346 /* Build configuration list for PBXNativeTarget "ChooseWordViewUITests" */;
			buildPhases = (
				F1CAAA261D66E1F700FCC346 /* Sources */,
				F1CAAA271D66E1F700FCC346 /* Frameworks */,
				F1CAAA281D66E1F700FCC346 /* Resources */,
			);
			buildRules = (
			);
			dependencies = (
				F1CAAA2C1D66E1F700FCC346 /* PBXTargetDependency */,
			);
			name = ChooseWordViewUITests;
			productName = ChooseWordViewUITests;
			productReference = F1CAAA2A1D66E1F700FCC346 /* ChooseWordViewUITests.xctest */;
			productType = "com.apple.product-type.bundle.ui-testing";
		};
/* End PBXNativeTarget section */

/* Begin PBXProject section */
		F1CAA9FE1D66E1F700FCC346 /* Project object */ = {
			isa = PBXProject;
			attributes = {
				LastUpgradeCheck = 0720;
				ORGANIZATIONNAME = "裴新华";
				TargetAttributes = {
					F1CAAA051D66E1F700FCC346 = {
						CreatedOnToolsVersion = 7.2;
					};
					F1CAAA1E1D66E1F700FCC346 = {
						CreatedOnToolsVersion = 7.2;
						TestTargetID = F1CAAA051D66E1F700FCC346;
					};
					F1CAAA291D66E1F700FCC346 = {
						CreatedOnToolsVersion = 7.2;
						TestTargetID = F1CAAA051D66E1F700FCC346;
					};
				};
			};
			buildConfigurationList = F1CAAA011D66E1F700FCC346 /* Build configuration list for PBXProject "ChooseWordView" */;
			compatibilityVersion = "Xcode 3.2";
			developmentRegion = English;
			hasScannedForEncodings = 0;
			knownRegions = (
				en,
				Base,
			);
			mainGroup = F1CAA9FD1D66E1F700FCC346;
			productRefGroup = F1CAAA071D66E1F700FCC346 /* Products */;
			projectDirPath = "";
			projectRoot = "";
			targets = (
				F1CAAA051D66E1F700FCC346 /* ChooseWordView */,
				F1CAAA1E1D66E1F700FCC346 /* ChooseWordViewTests */,
				F1CAAA291D66E1F700FCC346 /* ChooseWordViewUITests */,
			);
		};
/* End PBXProject section */

/* Begin PBXResourcesBuildPhase section */
		F1CAAA041D66E1F700FCC346 /* Resources */ = {
			isa = PBXResourcesBuildPhase;
			buildActionMask = 2147483647;
			files = (
				F1C66A051D66E2E0000FB522 /* Main.storyboard in Resources */,
				F1CAAA191D66E1F700FCC346 /* LaunchScreen.storyboard in Resources */,
				F1CAAA161D66E1F700FCC346 /* Assets.xcassets in Resources */,
			);
			runOnlyForDeploymentPostprocessing = 0;
		};
		F1CAAA1D1D66E1F700FCC346 /* Resources */ = {
			isa = PBXResourcesBuildPhase;
			buildActionMask = 2147483647;
			files = (
			);
			runOnlyForDeploymentPostprocessing = 0;
		};
		F1CAAA281D66E1F700FCC346 /* Resources */ = {
			isa = PBXResourcesBuildPhase;
			buildActionMask = 2147483647;
			files = (
			);
			runOnlyForDeploymentPostprocessing = 0;
		};
/* End PBXResourcesBuildPhase section */

/* Begin PBXSourcesBuildPhase section */
		F1CAAA021D66E1F700FCC346 /* Sources */ = {
			isa = PBXSourcesBuildPhase;
			buildActionMask = 2147483647;
			files = (
				F1C66A0A1D66E2F2000FB522 /* WordButton.m in Sources */,
				F1C66A021D66E2D9000FB522 /* ViewController.m in Sources */,
				F1C669FF1D66E2D9000FB522 /* CodeView.m in Sources */,
				F1C669FE1D66E2D9000FB522 /* AppDelegate.m in Sources */,
				F1CAAA0B1D66E1F700FCC346 /* main.m in Sources */,
				F1C66A011D66E2D9000FB522 /* NSString+StringToWords.m in Sources */,
				F1C66A0B1D66E2F2000FB522 /* WordsCheckButton.m in Sources */,
				F1C66A001D66E2D9000FB522 /* NSString+Category.m in Sources */,
			);
			runOnlyForDeploymentPostprocessing = 0;
		};
		F1CAAA1B1D66E1F700FCC346 /* Sources */ = {
			isa = PBXSourcesBuildPhase;
			buildActionMask = 2147483647;
			files = (
				F1CAAA241D66E1F700FCC346 /* ChooseWordViewTests.m in Sources */,
			);
			runOnlyForDeploymentPostprocessing = 0;
		};
		F1CAAA261D66E1F700FCC346 /* Sources */ = {
			isa = PBXSourcesBuildPhase;
			buildActionMask = 2147483647;
			files = (
				F1CAAA2F1D66E1F700FCC346 /* ChooseWordViewUITests.m in Sources */,
			);
			runOnlyForDeploymentPostprocessing = 0;
		};
/* End PBXSourcesBuildPhase section */

/* Begin PBXTargetDependency section */
		F1CAAA211D66E1F700FCC346 /* PBXTargetDependency */ = {
			isa = PBXTargetDependency;
			target = F1CAAA051D66E1F700FCC346 /* ChooseWordView */;
			targetProxy = F1CAAA201D66E1F700FCC346 /* PBXContainerItemProxy */;
		};
		F1CAAA2C1D66E1F700FCC346 /* PBXTargetDependency */ = {
			isa = PBXTargetDependency;
			target = F1CAAA051D66E1F700FCC346 /* ChooseWordView */;
			targetProxy = F1CAAA2B1D66E1F700FCC346 /* PBXContainerItemProxy */;
		};
/* End PBXTargetDependency section */

/* Begin PBXVariantGroup section */
		F1C66A031D66E2E0000FB522 /* Main.storyboard */ = {
			isa = PBXVariantGroup;
			children = (
				F1C66A041D66E2E0000FB522 /* Base */,
			);
			name = Main.storyboard;
			sourceTree = "<group>";
		};
		F1CAAA171D66E1F700FCC346 /* LaunchScreen.storyboard */ = {
			isa = PBXVariantGroup;
			children = (
				F1CAAA181D66E1F700FCC346 /* Base */,
			);
			name = LaunchScreen.storyboard;
			sourceTree = "<group>";
		};
/* End PBXVariantGroup section */

/* Begin XCBuildConfiguration section */
		F1CAAA311D66E1F700FCC346 /* Debug */ = {
			isa = XCBuildConfiguration;
			buildSettings = {
				ALWAYS_SEARCH_USER_PATHS = NO;
				CLANG_CXX_LANGUAGE_STANDARD = "gnu++0x";
				CLANG_CXX_LIBRARY = "libc++";
				CLANG_ENABLE_MODULES = YES;
				CLANG_ENABLE_OBJC_ARC = YES;
				CLANG_WARN_BOOL_CONVERSION = YES;
				CLANG_WARN_CONSTANT_CONVERSION = YES;
				CLANG_WARN_DIRECT_OBJC_ISA_USAGE = YES_ERROR;
				CLANG_WARN_EMPTY_BODY = YES;
				CLANG_WARN_ENUM_CONVERSION = YES;
				CLANG_WARN_INT_CONVERSION = YES;
				CLANG_WARN_OBJC_ROOT_CLASS = YES_ERROR;
				CLANG_WARN_UNREACHABLE_CODE = YES;
				CLANG_WARN__DUPLICATE_METHOD_MATCH = YES;
				"CODE_SIGN_IDENTITY[sdk=iphoneos*]" = "iPhone Developer";
				COPY_PHASE_STRIP = NO;
				DEBUG_INFORMATION_FORMAT = dwarf;
				ENABLE_STRICT_OBJC_MSGSEND = YES;
				ENABLE_TESTABILITY = YES;
				GCC_C_LANGUAGE_STANDARD = gnu99;
				GCC_DYNAMIC_NO_PIC = NO;
				GCC_NO_COMMON_BLOCKS = YES;
				GCC_OPTIMIZATION_LEVEL = 0;
				GCC_PREPROCESSOR_DEFINITIONS = (
					"DEBUG=1",
					"$(inherited)",
				);
				GCC_WARN_64_TO_32_BIT_CONVERSION = YES;
				GCC_WARN_ABOUT_RETURN_TYPE = YES_ERROR;
				GCC_WARN_UNDECLARED_SELECTOR = YES;
				GCC_WARN_UNINITIALIZED_AUTOS = YES_AGGRESSIVE;
				GCC_WARN_UNUSED_FUNCTION = YES;
				GCC_WARN_UNUSED_VARIABLE = YES;
				IPHONEOS_DEPLOYMENT_TARGET = 9.2;
				MTL_ENABLE_DEBUG_INFO = YES;
				ONLY_ACTIVE_ARCH = YES;
				SDKROOT = iphoneos;
				TARGETED_DEVICE_FAMILY = "1,2";
			};
			name = Debug;
		};
		F1CAAA321D66E1F700FCC346 /* Release */ = {
			isa = XCBuildConfiguration;
			buildSettings = {
				ALWAYS_SEARCH_USER_PATHS = NO;
				CLANG_CXX_LANGUAGE_STANDARD = "gnu++0x";
				CLANG_CXX_LIBRARY = "libc++";
				CLANG_ENABLE_MODULES = YES;
				CLANG_ENABLE_OBJC_ARC = YES;
				CLANG_WARN_BOOL_CONVERSION = YES;
				CLANG_WARN_CONSTANT_CONVERSION = YES;
				CLANG_WARN_DIRECT_OBJC_ISA_USAGE = YES_ERROR;
				CLANG_WARN_EMPTY_BODY = YES;
				CLANG_WARN_ENUM_CONVERSION = YES;
				CLANG_WARN_INT_CONVERSION = YES;
				CLANG_WARN_OBJC_ROOT_CLASS = YES_ERROR;
				CLANG_WARN_UNREACHABLE_CODE = YES;
				CLANG_WARN__DUPLICATE_METHOD_MATCH = YES;
				"CODE_SIGN_IDENTITY[sdk=iphoneos*]" = "iPhone Developer";
				COPY_PHASE_STRIP = NO;
				DEBUG_INFORMATION_FORMAT = "dwarf-with-dsym";
				ENABLE_NS_ASSERTIONS = NO;
				ENABLE_STRICT_OBJC_MSGSEND = YES;
				GCC_C_LANGUAGE_STANDARD = gnu99;
				GCC_NO_COMMON_BLOCKS = YES;
				GCC_WARN_64_TO_32_BIT_CONVERSION = YES;
				GCC_WARN_ABOUT_RETURN_TYPE = YES_ERROR;
				GCC_WARN_UNDECLARED_SELECTOR = YES;
				GCC_WARN_UNINITIALIZED_AUTOS = YES_AGGRESSIVE;
				GCC_WARN_UNUSED_FUNCTION = YES;
				GCC_WARN_UNUSED_VARIABLE = YES;
				IPHONEOS_DEPLOYMENT_TARGET = 9.2;
				MTL_ENABLE_DEBUG_INFO = NO;
				SDKROOT = iphoneos;
				TARGETED_DEVICE_FAMILY = "1,2";
				VALIDATE_PRODUCT = YES;
			};
			name = Release;
		};
		F1CAAA341D66E1F700FCC346 /* Debug */ = {
			isa = XCBuildConfiguration;
			buildSettings = {
				ASSETCATALOG_COMPILER_APPICON_NAME = AppIcon;
				GCC_PRECOMPILE_PREFIX_HEADER = YES;
				GCC_PREFIX_HEADER = "$(SRCROOT)/PrefixHeader.pch";
				INFOPLIST_FILE = ChooseWordView/Info.plist;
				LD_RUNPATH_SEARCH_PATHS = "$(inherited) @executable_path/Frameworks";
				PRODUCT_BUNDLE_IDENTIFIER = cn.yunzhisheng.AsrOralDemo;
				PRODUCT_NAME = "$(TARGET_NAME)";
			};
			name = Debug;
		};
		F1CAAA351D66E1F700FCC346 /* Release */ = {
			isa = XCBuildConfiguration;
			buildSettings = {
				ASSETCATALOG_COMPILER_APPICON_NAME = AppIcon;
				GCC_PRECOMPILE_PREFIX_HEADER = YES;
				GCC_PREFIX_HEADER = "$(SRCROOT)/PrefixHeader.pch";
				INFOPLIST_FILE = ChooseWordView/Info.plist;
				LD_RUNPATH_SEARCH_PATHS = "$(inherited) @executable_path/Frameworks";
				PRODUCT_BUNDLE_IDENTIFIER = cn.yunzhisheng.AsrOralDemo;
				PRODUCT_NAME = "$(TARGET_NAME)";
			};
			name = Release;
		};
		F1CAAA371D66E1F700FCC346 /* Debug */ = {
			isa = XCBuildConfiguration;
			buildSettings = {
				BUNDLE_LOADER = "$(TEST_HOST)";
				INFOPLIST_FILE = ChooseWordViewTests/Info.plist;
				LD_RUNPATH_SEARCH_PATHS = "$(inherited) @executable_path/Frameworks @loader_path/Frameworks";
				PRODUCT_BUNDLE_IDENTIFIER = com.yunzhisheng.ChooseWordViewTests;
				PRODUCT_NAME = "$(TARGET_NAME)";
				TEST_HOST = "$(BUILT_PRODUCTS_DIR)/ChooseWordView.app/ChooseWordView";
			};
			name = Debug;
		};
		F1CAAA381D66E1F700FCC346 /* Release */ = {
			isa = XCBuildConfiguration;
			buildSettings = {
				BUNDLE_LOADER = "$(TEST_HOST)";
				INFOPLIST_FILE = ChooseWordViewTests/Info.plist;
				LD_RUNPATH_SEARCH_PATHS = "$(inherited) @executable_path/Frameworks @loader_path/Frameworks";
				PRODUCT_BUNDLE_IDENTIFIER = com.yunzhisheng.ChooseWordViewTests;
				PRODUCT_NAME = "$(TARGET_NAME)";
				TEST_HOST = "$(BUILT_PRODUCTS_DIR)/ChooseWordView.app/ChooseWordView";
			};
			name = Release;
		};
		F1CAAA3A1D66E1F700FCC346 /* Debug */ = {
			isa = XCBuildConfiguration;
			buildSettings = {
				INFOPLIST_FILE = ChooseWordViewUITests/Info.plist;
				LD_RUNPATH_SEARCH_PATHS = "$(inherited) @executable_path/Frameworks @loader_path/Frameworks";
				PRODUCT_BUNDLE_IDENTIFIER = com.yunzhisheng.ChooseWordViewUITests;
				PRODUCT_NAME = "$(TARGET_NAME)";
				TEST_TARGET_NAME = ChooseWordView;
				USES_XCTRUNNER = YES;
			};
			name = Debug;
		};
		F1CAAA3B1D66E1F700FCC346 /* Release */ = {
			isa = XCBuildConfiguration;
			buildSettings = {
				INFOPLIST_FILE = ChooseWordViewUITests/Info.plist;
				LD_RUNPATH_SEARCH_PATHS = "$(inherited) @executable_path/Frameworks @loader_path/Frameworks";
				PRODUCT_BUNDLE_IDENTIFIER = com.yunzhisheng.ChooseWordViewUITests;
				PRODUCT_NAME = "$(TARGET_NAME)";
				TEST_TARGET_NAME = ChooseWordView;
				USES_XCTRUNNER = YES;
			};
			name = Release;
		};
/* End XCBuildConfiguration section */

/* Begin XCConfigurationList section */
		F1CAAA011D66E1F700FCC346 /* Build configuration list for PBXProject "ChooseWordView" */ = {
			isa = XCConfigurationList;
			buildConfigurations = (
				F1CAAA311D66E1F700FCC346 /* Debug */,
				F1CAAA321D66E1F700FCC346 /* Release */,
			);
			defaultConfigurationIsVisible = 0;
			defaultConfigurationName = Release;
		};
		F1CAAA331D66E1F700FCC346 /* Build configuration list for PBXNativeTarget "ChooseWordView" */ = {
			isa = XCConfigurationList;
			buildConfigurations = (
				F1CAAA341D66E1F700FCC346 /* Debug */,
				F1CAAA351D66E1F700FCC346 /* Release */,
			);
			defaultConfigurationIsVisible = 0;
			defaultConfigurationName = Release;
		};
		F1CAAA361D66E1F700FCC346 /* Build configuration list for PBXNativeTarget "ChooseWordViewTests" */ = {
			isa = XCConfigurationList;
			buildConfigurations = (
				F1CAAA371D66E1F700FCC346 /* Debug */,
				F1CAAA381D66E1F700FCC346 /* Release */,
			);
			defaultConfigurationIsVisible = 0;
			defaultConfigurationName = Release;
		};
		F1CAAA391D66E1F700FCC346 /* Build configuration list for PBXNativeTarget "ChooseWordViewUITests" */ = {
			isa = XCConfigurationList;
			buildConfigurations = (
				F1CAAA3A1D66E1F700FCC346 /* Debug */,
				F1CAAA3B1D66E1F700FCC346 /* Release */,
			);
			defaultConfigurationIsVisible = 0;
			defaultConfigurationName = Release;
		};
/* End XCConfigurationList section */
	};
	rootObject = F1CAA9FE1D66E1F700FCC346 /* Project object */;
}
